// !$*UTF8*$!
{
	archiveVersion = 1;
	classes = {
	};
	objectVersion = 50;
	objects = {

/* Begin PBXBuildFile section */
		3D66C69C24B043FC00192191 /* AppDelegate.swift in Sources */ = {isa = PBXBuildFile; fileRef = 3D66C69B24B043FC00192191 /* AppDelegate.swift */; };
		3D66C69E24B043FC00192191 /* SceneDelegate.swift in Sources */ = {isa = PBXBuildFile; fileRef = 3D66C69D24B043FC00192191 /* SceneDelegate.swift */; };
		3D66C6A024B043FC00192191 /* ViewController.swift in Sources */ = {isa = PBXBuildFile; fileRef = 3D66C69F24B043FC00192191 /* ViewController.swift */; };
		3D66C6A324B043FC00192191 /* Main.storyboard in Resources */ = {isa = PBXBuildFile; fileRef = 3D66C6A124B043FC00192191 /* Main.storyboard */; };
		3D66C6A524B0440000192191 /* Assets.xcassets in Resources */ = {isa = PBXBuildFile; fileRef = 3D66C6A424B0440000192191 /* Assets.xcassets */; };
		3D66C6A824B0440000192191 /* LaunchScreen.storyboard in Resources */ = {isa = PBXBuildFile; fileRef = 3D66C6A624B0440000192191 /* LaunchScreen.storyboard */; };
		3D66C6B324B0440000192191 /* LQWebViewSwiftTests.swift in Sources */ = {isa = PBXBuildFile; fileRef = 3D66C6B224B0440000192191 /* LQWebViewSwiftTests.swift */; };
		3D66C6BE24B0440100192191 /* LQWebViewSwiftUITests.swift in Sources */ = {isa = PBXBuildFile; fileRef = 3D66C6BD24B0440100192191 /* LQWebViewSwiftUITests.swift */; };
		3D66C6CE24B0443E00192191 /* test.pdf in Resources */ = {isa = PBXBuildFile; fileRef = 3D66C6CD24B0443E00192191 /* test.pdf */; };
		3D66C6D024B0776F00192191 /* LQWebView.swift in Sources */ = {isa = PBXBuildFile; fileRef = 3D66C6CF24B0776F00192191 /* LQWebView.swift */; };
/* End PBXBuildFile section */

/* Begin PBXContainerItemProxy section */
		3D66C6AF24B0440000192191 /* PBXContainerItemProxy */ = {
			isa = PBXContainerItemProxy;
			containerPortal = 3D66C69024B043FC00192191 /* Project object */;
			proxyType = 1;
			remoteGlobalIDString = 3D66C69724B043FC00192191;
			remoteInfo = LQWebViewSwift;
		};
		3D66C6BA24B0440000192191 /* PBXContainerItemProxy */ = {
			isa = PBXContainerItemProxy;
			containerPortal = 3D66C69024B043FC00192191 /* Project object */;
			proxyType = 1;
			remoteGlobalIDString = 3D66C69724B043FC00192191;
			remoteInfo = LQWebViewSwift;
		};
/* End PBXContainerItemProxy section */

/* Begin PBXFileReference section */
		3D66C69824B043FC00192191 /* LQWebViewSwift.app */ = {isa = PBXFileReference; explicitFileType = wrapper.application; includeInIndex = 0; path = LQWebViewSwift.app; sourceTree = BUILT_PRODUCTS_DIR; };
		3D66C69B24B043FC00192191 /* AppDelegate.swift */ = {isa = PBXFileReference; lastKnownFileType = sourcecode.swift; path = AppDelegate.swift; sourceTree = "<group>"; };
		3D66C69D24B043FC00192191 /* SceneDelegate.swift */ = {isa = PBXFileReference; lastKnownFileType = sourcecode.swift; path = SceneDelegate.swift; sourceTree = "<group>"; };
		3D66C69F24B043FC00192191 /* ViewController.swift */ = {isa = PBXFileReference; lastKnownFileType = sourcecode.swift; path = ViewController.swift; sourceTree = "<group>"; };
		3D66C6A224B043FC00192191 /* Base */ = {isa = PBXFileReference; lastKnownFileType = file.storyboard; name = Base; path = Base.lproj/Main.storyboard; sourceTree = "<group>"; };
		3D66C6A424B0440000192191 /* Assets.xcassets */ = {isa = PBXFileReference; lastKnownFileType = folder.assetcatalog; path = Assets.xcassets; sourceTree = "<group>"; };
		3D66C6A724B0440000192191 /* Base */ = {isa = PBXFileReference; lastKnownFileType = file.storyboard; name = Base; path = Base.lproj/LaunchScreen.storyboard; sourceTree = "<group>"; };
		3D66C6A924B0440000192191 /* Info.plist */ = {isa = PBXFileReference; lastKnownFileType = text.plist.xml; path = Info.plist; sourceTree = "<group>"; };
		3D66C6AE24B0440000192191 /* LQWebViewSwiftTests.xctest */ = {isa = PBXFileReference; explicitFileType = wrapper.cfbundle; includeInIndex = 0; path = LQWebViewSwiftTests.xctest; sourceTree = BUILT_PRODUCTS_DIR; };
		3D66C6B224B0440000192191 /* LQWebViewSwiftTests.swift */ = {isa = PBXFileReference; lastKnownFileType = sourcecode.swift; path = LQWebViewSwiftTests.swift; sourceTree = "<group>"; };
		3D66C6B424B0440000192191 /* Info.plist */ = {isa = PBXFileReference; lastKnownFileType = text.plist.xml; path = Info.plist; sourceTree = "<group>"; };
		3D66C6B924B0440000192191 /* LQWebViewSwiftUITests.xctest */ = {isa = PBXFileReference; explicitFileType = wrapper.cfbundle; includeInIndex = 0; path = LQWebViewSwiftUITests.xctest; sourceTree = BUILT_PRODUCTS_DIR; };
		3D66C6BD24B0440100192191 /* LQWebViewSwiftUITests.swift */ = {isa = PBXFileReference; lastKnownFileType = sourcecode.swift; path = LQWebViewSwiftUITests.swift; sourceTree = "<group>"; };
		3D66C6BF24B0440100192191 /* Info.plist */ = {isa = PBXFileReference; lastKnownFileType = text.plist.xml; path = Info.plist; sourceTree = "<group>"; };
		3D66C6CD24B0443E00192191 /* test.pdf */ = {isa = PBXFileReference; lastKnownFileType = image.pdf; path = test.pdf; sourceTree = "<group>"; };
		3D66C6CF24B0776F00192191 /* LQWebView.swift */ = {isa = PBXFileReference; fileEncoding = 4; lastKnownFileType = sourcecode.swift; name = LQWebView.swift; path = ../../LQWebView/sf/LQWebView/LQWebView.swift; sourceTree = "<group>"; };
/* End PBXFileReference section */

/* Begin PBXFrameworksBuildPhase section */
		3D66C69524B043FC00192191 /* Frameworks */ = {
			isa = PBXFrameworksBuildPhase;
			buildActionMask = 2147483647;
			files = (
			);
			runOnlyForDeploymentPostprocessing = 0;
		};
		3D66C6AB24B0440000192191 /* Frameworks */ = {
			isa = PBXFrameworksBuildPhase;
			buildActionMask = 2147483647;
			files = (
			);
			runOnlyForDeploymentPostprocessing = 0;
		};
		3D66C6B624B0440000192191 /* Frameworks */ = {
			isa = PBXFrameworksBuildPhase;
			buildActionMask = 2147483647;
			files = (
			);
			runOnlyForDeploymentPostprocessing = 0;
		};
/* End PBXFrameworksBuildPhase section */

/* Begin PBXGroup section */
		3D66C68F24B043FC00192191 = {
			isa = PBXGroup;
			children = (
				3D66C69A24B043FC00192191 /* LQWebViewSwift */,
				3D66C6B124B0440000192191 /* LQWebViewSwiftTests */,
				3D66C6BC24B0440100192191 /* LQWebViewSwiftUITests */,
				3D66C69924B043FC00192191 /* Products */,
			);
			sourceTree = "<group>";
		};
		3D66C69924B043FC00192191 /* Products */ = {
			isa = PBXGroup;
			children = (
				3D66C69824B043FC00192191 /* LQWebViewSwift.app */,
				3D66C6AE24B0440000192191 /* LQWebViewSwiftTests.xctest */,
				3D66C6B924B0440000192191 /* LQWebViewSwiftUITests.xctest */,
			);
			name = Products;
			sourceTree = "<group>";
		};
		3D66C69A24B043FC00192191 /* LQWebViewSwift */ = {
			isa = PBXGroup;
			children = (
				3D66C6CF24B0776F00192191 /* LQWebView.swift */,
				3D66C6CD24B0443E00192191 /* test.pdf */,
				3D66C69B24B043FC00192191 /* AppDelegate.swift */,
				3D66C69D24B043FC00192191 /* SceneDelegate.swift */,
				3D66C69F24B043FC00192191 /* ViewController.swift */,
				3D66C6A124B043FC00192191 /* Main.storyboard */,
				3D66C6A424B0440000192191 /* Assets.xcassets */,
				3D66C6A624B0440000192191 /* LaunchScreen.storyboard */,
				3D66C6A924B0440000192191 /* Info.plist */,
			);
			path = LQWebViewSwift;
			sourceTree = "<group>";
		};
		3D66C6B124B0440000192191 /* LQWebViewSwiftTests */ = {
			isa = PBXGroup;
			children = (
				3D66C6B224B0440000192191 /* LQWebViewSwiftTests.swift */,
				3D66C6B424B0440000192191 /* Info.plist */,
			);
			path = LQWebViewSwiftTests;
			sourceTree = "<group>";
		};
		3D66C6BC24B0440100192191 /* LQWebViewSwiftUITests */ = {
			isa = PBXGroup;
			children = (
				3D66C6BD24B0440100192191 /* LQWebViewSwiftUITests.swift */,
				3D66C6BF24B0440100192191 /* Info.plist */,
			);
			path = LQWebViewSwiftUITests;
			sourceTree = "<group>";
		};
/* End PBXGroup section */

/* Begin PBXNativeTarget section */
		3D66C69724B043FC00192191 /* LQWebViewSwift */ = {
			isa = PBXNativeTarget;
			buildConfigurationList = 3D66C6C224B0440100192191 /* Build configuration list for PBXNativeTarget "LQWebViewSwift" */;
			buildPhases = (
				3D66C69424B043FC00192191 /* Sources */,
				3D66C69524B043FC00192191 /* Frameworks */,
				3D66C69624B043FC00192191 /* Resources */,
			);
			buildRules = (
			);
			dependencies = (
			);
			name = LQWebViewSwift;
			productName = LQWebViewSwift;
			productReference = 3D66C69824B043FC00192191 /* LQWebViewSwift.app */;
			productType = "com.apple.product-type.application";
		};
		3D66C6AD24B0440000192191 /* LQWebViewSwiftTests */ = {
			isa = PBXNativeTarget;
			buildConfigurationList = 3D66C6C524B0440100192191 /* Build configuration list for PBXNativeTarget "LQWebViewSwiftTests" */;
			buildPhases = (
				3D66C6AA24B0440000192191 /* Sources */,
				3D66C6AB24B0440000192191 /* Frameworks */,
				3D66C6AC24B0440000192191 /* Resources */,
			);
			buildRules = (
			);
			dependencies = (
				3D66C6B024B0440000192191 /* PBXTargetDependency */,
			);
			name = LQWebViewSwiftTests;
			productName = LQWebViewSwiftTests;
			productReference = 3D66C6AE24B0440000192191 /* LQWebViewSwiftTests.xctest */;
			productType = "com.apple.product-type.bundle.unit-test";
		};
		3D66C6B824B0440000192191 /* LQWebViewSwiftUITests */ = {
			isa = PBXNativeTarget;
			buildConfigurationList = 3D66C6C824B0440100192191 /* Build configuration list for PBXNativeTarget "LQWebViewSwiftUITests" */;
			buildPhases = (
				3D66C6B524B0440000192191 /* Sources */,
				3D66C6B624B0440000192191 /* Frameworks */,
				3D66C6B724B0440000192191 /* Resources */,
			);
			buildRules = (
			);
			dependencies = (
				3D66C6BB24B0440000192191 /* PBXTargetDependency */,
			);
			name = LQWebViewSwiftUITests;
			productName = LQWebViewSwiftUITests;
			productReference = 3D66C6B924B0440000192191 /* LQWebViewSwiftUITests.xctest */;
			productType = "com.apple.product-type.bundle.ui-testing";
		};
/* End PBXNativeTarget section */

/* Begin PBXProject section */
		3D66C69024B043FC00192191 /* Project object */ = {
			isa = PBXProject;
			attributes = {
				LastSwiftUpdateCheck = 1150;
				LastUpgradeCheck = 1150;
				ORGANIZATIONNAME = "刘启强";
				TargetAttributes = {
					3D66C69724B043FC00192191 = {
						CreatedOnToolsVersion = 11.5;
					};
					3D66C6AD24B0440000192191 = {
						CreatedOnToolsVersion = 11.5;
						TestTargetID = 3D66C69724B043FC00192191;
					};
					3D66C6B824B0440000192191 = {
						CreatedOnToolsVersion = 11.5;
						TestTargetID = 3D66C69724B043FC00192191;
					};
				};
			};
			buildConfigurationList = 3D66C69324B043FC00192191 /* Build configuration list for PBXProject "LQWebViewSwift" */;
			compatibilityVersion = "Xcode 9.3";
			developmentRegion = en;
			hasScannedForEncodings = 0;
			knownRegions = (
				en,
				Base,
			);
			mainGroup = 3D66C68F24B043FC00192191;
			productRefGroup = 3D66C69924B043FC00192191 /* Products */;
			projectDirPath = "";
			projectRoot = "";
			targets = (
				3D66C69724B043FC00192191 /* LQWebViewSwift */,
				3D66C6AD24B0440000192191 /* LQWebViewSwiftTests */,
				3D66C6B824B0440000192191 /* LQWebViewSwiftUITests */,
			);
		};
/* End PBXProject section */

/* Begin PBXResourcesBuildPhase section */
		3D66C69624B043FC00192191 /* Resources */ = {
			isa = PBXResourcesBuildPhase;
			buildActionMask = 2147483647;
			files = (
				3D66C6CE24B0443E00192191 /* test.pdf in Resources */,
				3D66C6A824B0440000192191 /* LaunchScreen.storyboard in Resources */,
				3D66C6A524B0440000192191 /* Assets.xcassets in Resources */,
				3D66C6A324B043FC00192191 /* Main.storyboard in Resources */,
			);
			runOnlyForDeploymentPostprocessing = 0;
		};
		3D66C6AC24B0440000192191 /* Resources */ = {
			isa = PBXResourcesBuildPhase;
			buildActionMask = 2147483647;
			files = (
			);
			runOnlyForDeploymentPostprocessing = 0;
		};
		3D66C6B724B0440000192191 /* Resources */ = {
			isa = PBXResourcesBuildPhase;
			buildActionMask = 2147483647;
			files = (
			);
			runOnlyForDeploymentPostprocessing = 0;
		};
/* End PBXResourcesBuildPhase section */

/* Begin PBXSourcesBuildPhase section */
		3D66C69424B043FC00192191 /* Sources */ = {
			isa = PBXSourcesBuildPhase;
			buildActionMask = 2147483647;
			files = (
				3D66C6D024B0776F00192191 /* LQWebView.swift in Sources */,
				3D66C6A024B043FC00192191 /* ViewController.swift in Sources */,
				3D66C69C24B043FC00192191 /* AppDelegate.swift in Sources */,
				3D66C69E24B043FC00192191 /* SceneDelegate.swift in Sources */,
			);
			runOnlyForDeploymentPostprocessing = 0;
		};
		3D66C6AA24B0440000192191 /* Sources */ = {
			isa = PBXSourcesBuildPhase;
			buildActionMask = 2147483647;
			files = (
				3D66C6B324B0440000192191 /* LQWebViewSwiftTests.swift in Sources */,
			);
			runOnlyForDeploymentPostprocessing = 0;
		};
		3D66C6B524B0440000192191 /* Sources */ = {
			isa = PBXSourcesBuildPhase;
			buildActionMask = 2147483647;
			files = (
				3D66C6BE24B0440100192191 /* LQWebViewSwiftUITests.swift in Sources */,
			);
			runOnlyForDeploymentPostprocessing = 0;
		};
/* End PBXSourcesBuildPhase section */

/* Begin PBXTargetDependency section */
		3D66C6B024B0440000192191 /* PBXTargetDependency */ = {
			isa = PBXTargetDependency;
			target = 3D66C69724B043FC00192191 /* LQWebViewSwift */;
			targetProxy = 3D66C6AF24B0440000192191 /* PBXContainerItemProxy */;
		};
		3D66C6BB24B0440000192191 /* PBXTargetDependency */ = {
			isa = PBXTargetDependency;
			target = 3D66C69724B043FC00192191 /* LQWebViewSwift */;
			targetProxy = 3D66C6BA24B0440000192191 /* PBXContainerItemProxy */;
		};
/* End PBXTargetDependency section */

/* Begin PBXVariantGroup section */
		3D66C6A124B043FC00192191 /* Main.storyboard */ = {
			isa = PBXVariantGroup;
			children = (
				3D66C6A224B043FC00192191 /* Base */,
			);
			name = Main.storyboard;
			sourceTree = "<group>";
		};
		3D66C6A624B0440000192191 /* LaunchScreen.storyboard */ = {
			isa = PBXVariantGroup;
			children = (
				3D66C6A724B0440000192191 /* Base */,
			);
			name = LaunchScreen.storyboard;
			sourceTree = "<group>";
		};
/* End PBXVariantGroup section */

/* Begin XCBuildConfiguration section */
		3D66C6C024B0440100192191 /* Debug */ = {
			isa = XCBuildConfiguration;
			buildSettings = {
				ALWAYS_SEARCH_USER_PATHS = NO;
				CLANG_ANALYZER_NONNULL = YES;
				CLANG_ANALYZER_NUMBER_OBJECT_CONVERSION = YES_AGGRESSIVE;
				CLANG_CXX_LANGUAGE_STANDARD = "gnu++14";
				CLANG_CXX_LIBRARY = "libc++";
				CLANG_ENABLE_MODULES = YES;
				CLANG_ENABLE_OBJC_ARC = YES;
				CLANG_ENABLE_OBJC_WEAK = YES;
				CLANG_WARN_BLOCK_CAPTURE_AUTORELEASING = YES;
				CLANG_WARN_BOOL_CONVERSION = YES;
				CLANG_WARN_COMMA = YES;
				CLANG_WARN_CONSTANT_CONVERSION = YES;
				CLANG_WARN_DEPRECATED_OBJC_IMPLEMENTATIONS = YES;
				CLANG_WARN_DIRECT_OBJC_ISA_USAGE = YES_ERROR;
				CLANG_WARN_DOCUMENTATION_COMMENTS = YES;
				CLANG_WARN_EMPTY_BODY = YES;
				CLANG_WARN_ENUM_CONVERSION = YES;
				CLANG_WARN_INFINITE_RECURSION = YES;
				CLANG_WARN_INT_CONVERSION = YES;
				CLANG_WARN_NON_LITERAL_NULL_CONVERSION = YES;
				CLANG_WARN_OBJC_IMPLICIT_RETAIN_SELF = YES;
				CLANG_WARN_OBJC_LITERAL_CONVERSION = YES;
				CLANG_WARN_OBJC_ROOT_CLASS = YES_ERROR;
				CLANG_WARN_RANGE_LOOP_ANALYSIS = YES;
				CLANG_WARN_STRICT_PROTOTYPES = YES;
				CLANG_WARN_SUSPICIOUS_MOVE = YES;
				CLANG_WARN_UNGUARDED_AVAILABILITY = YES_AGGRESSIVE;
				CLANG_WARN_UNREACHABLE_CODE = YES;
				CLANG_WARN__DUPLICATE_METHOD_MATCH = YES;
				COPY_PHASE_STRIP = NO;
				DEBUG_INFORMATION_FORMAT = dwarf;
				ENABLE_STRICT_OBJC_MSGSEND = YES;
				ENABLE_TESTABILITY = YES;
				GCC_C_LANGUAGE_STANDARD = gnu11;
				GCC_DYNAMIC_NO_PIC = NO;
				GCC_NO_COMMON_BLOCKS = YES;
				GCC_OPTIMIZATION_LEVEL = 0;
				GCC_PREPROCESSOR_DEFINITIONS = (
					"DEBUG=1",
					"$(inherited)",
				);
				GCC_WARN_64_TO_32_BIT_CONVERSION = YES;
				GCC_WARN_ABOUT_RETURN_TYPE = YES_ERROR;
				GCC_WARN_UNDECLARED_SELECTOR = YES;
				GCC_WARN_UNINITIALIZED_AUTOS = YES_AGGRESSIVE;
				GCC_WARN_UNUSED_FUNCTION = YES;
				GCC_WARN_UNUSED_VARIABLE = YES;
				IPHONEOS_DEPLOYMENT_TARGET = 13.5;
				MTL_ENABLE_DEBUG_INFO = INCLUDE_SOURCE;
				MTL_FAST_MATH = YES;
				ONLY_ACTIVE_ARCH = YES;
				SDKROOT = iphoneos;
				SWIFT_ACTIVE_COMPILATION_CONDITIONS = DEBUG;
				SWIFT_OPTIMIZATION_LEVEL = "-Onone";
			};
			name = Debug;
		};
		3D66C6C124B0440100192191 /* Release */ = {
			isa = XCBuildConfiguration;
			buildSettings = {
				ALWAYS_SEARCH_USER_PATHS = NO;
				CLANG_ANALYZER_NONNULL = YES;
				CLANG_ANALYZER_NUMBER_OBJECT_CONVERSION = YES_AGGRESSIVE;
				CLANG_CXX_LANGUAGE_STANDARD = "gnu++14";
				CLANG_CXX_LIBRARY = "libc++";
				CLANG_ENABLE_MODULES = YES;
				CLANG_ENABLE_OBJC_ARC = YES;
				CLANG_ENABLE_OBJC_WEAK = YES;
				CLANG_WARN_BLOCK_CAPTURE_AUTORELEASING = YES;
				CLANG_WARN_BOOL_CONVERSION = YES;
				CLANG_WARN_COMMA = YES;
				CLANG_WARN_CONSTANT_CONVERSION = YES;
				CLANG_WARN_DEPRECATED_OBJC_IMPLEMENTATIONS = YES;
				CLANG_WARN_DIRECT_OBJC_ISA_USAGE = YES_ERROR;
				CLANG_WARN_DOCUMENTATION_COMMENTS = YES;
				CLANG_WARN_EMPTY_BODY = YES;
				CLANG_WARN_ENUM_CONVERSION = YES;
				CLANG_WARN_INFINITE_RECURSION = YES;
				CLANG_WARN_INT_CONVERSION = YES;
				CLANG_WARN_NON_LITERAL_NULL_CONVERSION = YES;
				CLANG_WARN_OBJC_IMPLICIT_RETAIN_SELF = YES;
				CLANG_WARN_OBJC_LITERAL_CONVERSION = YES;
				CLANG_WARN_OBJC_ROOT_CLASS = YES_ERROR;
				CLANG_WARN_RANGE_LOOP_ANALYSIS = YES;
				CLANG_WARN_STRICT_PROTOTYPES = YES;
				CLANG_WARN_SUSPICIOUS_MOVE = YES;
				CLANG_WARN_UNGUARDED_AVAILABILITY = YES_AGGRESSIVE;
				CLANG_WARN_UNREACHABLE_CODE = YES;
				CLANG_WARN__DUPLICATE_METHOD_MATCH = YES;
				COPY_PHASE_STRIP = NO;
				DEBUG_INFORMATION_FORMAT = "dwarf-with-dsym";
				ENABLE_NS_ASSERTIONS = NO;
				ENABLE_STRICT_OBJC_MSGSEND = YES;
				GCC_C_LANGUAGE_STANDARD = gnu11;
				GCC_NO_COMMON_BLOCKS = YES;
				GCC_WARN_64_TO_32_BIT_CONVERSION = YES;
				GCC_WARN_ABOUT_RETURN_TYPE = YES_ERROR;
				GCC_WARN_UNDECLARED_SELECTOR = YES;
				GCC_WARN_UNINITIALIZED_AUTOS = YES_AGGRESSIVE;
				GCC_WARN_UNUSED_FUNCTION = YES;
				GCC_WARN_UNUSED_VARIABLE = YES;
				IPHONEOS_DEPLOYMENT_TARGET = 13.5;
				MTL_ENABLE_DEBUG_INFO = NO;
				MTL_FAST_MATH = YES;
				SDKROOT = iphoneos;
				SWIFT_COMPILATION_MODE = wholemodule;
				SWIFT_OPTIMIZATION_LEVEL = "-O";
				VALIDATE_PRODUCT = YES;
			};
			name = Release;
		};
		3D66C6C324B0440100192191 /* Debug */ = {
			isa = XCBuildConfiguration;
			buildSettings = {
				ASSETCATALOG_COMPILER_APPICON_NAME = AppIcon;
				CODE_SIGN_STYLE = Automatic;
				DEVELOPMENT_TEAM = M5AQP3WXJE;
				INFOPLIST_FILE = LQWebViewSwift/Info.plist;
				IPHONEOS_DEPLOYMENT_TARGET = 13.0;
				LD_RUNPATH_SEARCH_PATHS = (
					"$(inherited)",
					"@executable_path/Frameworks",
				);
				MARKETING_VERSION = 1.6.0;
				PRODUCT_BUNDLE_IDENTIFIER = Q.ice.LQWebViewSwift;
				PRODUCT_NAME = "$(TARGET_NAME)";
				SWIFT_VERSION = 5.0;
				TARGETED_DEVICE_FAMILY = "1,2";
			};
			name = Debug;
		};
		3D66C6C424B0440100192191 /* Release */ = {
			isa = XCBuildConfiguration;
			buildSettings = {
				ASSETCATALOG_COMPILER_APPICON_NAME = AppIcon;
				CODE_SIGN_STYLE = Automatic;
				DEVELOPMENT_TEAM = M5AQP3WXJE;
				INFOPLIST_FILE = LQWebViewSwift/Info.plist;
				IPHONEOS_DEPLOYMENT_TARGET = 13.0;
				LD_RUNPATH_SEARCH_PATHS = (
					"$(inherited)",
					"@executable_path/Frameworks",
				);
				MARKETING_VERSION = 1.6.0;
				PRODUCT_BUNDLE_IDENTIFIER = Q.ice.LQWebViewSwift;
				PRODUCT_NAME = "$(TARGET_NAME)";
				SWIFT_VERSION = 5.0;
				TARGETED_DEVICE_FAMILY = "1,2";
			};
			name = Release;
		};
		3D66C6C624B0440100192191 /* Debug */ = {
			isa = XCBuildConfiguration;
			buildSettings = {
				ALWAYS_EMBED_SWIFT_STANDARD_LIBRARIES = YES;
				BUNDLE_LOADER = "$(TEST_HOST)";
				CODE_SIGN_STYLE = Automatic;
				DEVELOPMENT_TEAM = M5AQP3WXJE;
				INFOPLIST_FILE = LQWebViewSwiftTests/Info.plist;
				IPHONEOS_DEPLOYMENT_TARGET = 13.5;
				LD_RUNPATH_SEARCH_PATHS = (
					"$(inherited)",
					"@executable_path/Frameworks",
					"@loader_path/Frameworks",
				);
				PRODUCT_BUNDLE_IDENTIFIER = Q.ice.LQWebViewSwiftTests;
				PRODUCT_NAME = "$(TARGET_NAME)";
				SWIFT_VERSION = 5.0;
				TARGETED_DEVICE_FAMILY = "1,2";
				TEST_HOST = "$(BUILT_PRODUCTS_DIR)/LQWebViewSwift.app/LQWebViewSwift";
			};
			name = Debug;
		};
		3D66C6C724B0440100192191 /* Release */ = {
			isa = XCBuildConfiguration;
			buildSettings = {
				ALWAYS_EMBED_SWIFT_STANDARD_LIBRARIES = YES;
				BUNDLE_LOADER = "$(TEST_HOST)";
				CODE_SIGN_STYLE = Automatic;
				DEVELOPMENT_TEAM = M5AQP3WXJE;
				INFOPLIST_FILE = LQWebViewSwiftTests/Info.plist;
				IPHONEOS_DEPLOYMENT_TARGET = 13.5;
				LD_RUNPATH_SEARCH_PATHS = (
					"$(inherited)",
					"@executable_path/Frameworks",
					"@loader_path/Frameworks",
				);
				PRODUCT_BUNDLE_IDENTIFIER = Q.ice.LQWebViewSwiftTests;
				PRODUCT_NAME = "$(TARGET_NAME)";
				SWIFT_VERSION = 5.0;
				TARGETED_DEVICE_FAMILY = "1,2";
				TEST_HOST = "$(BUILT_PRODUCTS_DIR)/LQWebViewSwift.app/LQWebViewSwift";
			};
			name = Release;
		};
		3D66C6C924B0440100192191 /* Debug */ = {
			isa = XCBuildConfiguration;
			buildSettings = {
				ALWAYS_EMBED_SWIFT_STANDARD_LIBRARIES = YES;
				CODE_SIGN_STYLE = Automatic;
				DEVELOPMENT_TEAM = M5AQP3WXJE;
				INFOPLIST_FILE = LQWebViewSwiftUITests/Info.plist;
				LD_RUNPATH_SEARCH_PATHS = (
					"$(inherited)",
					"@executable_path/Frameworks",
					"@loader_path/Frameworks",
				);
				PRODUCT_BUNDLE_IDENTIFIER = Q.ice.LQWebViewSwiftUITests;
				PRODUCT_NAME = "$(TARGET_NAME)";
				SWIFT_VERSION = 5.0;
				TARGETED_DEVICE_FAMILY = "1,2";
				TEST_TARGET_NAME = LQWebViewSwift;
			};
			name = Debug;
		};
		3D66C6CA24B0440100192191 /* Release */ = {
			isa = XCBuildConfiguration;
			buildSettings = {
				ALWAYS_EMBED_SWIFT_STANDARD_LIBRARIES = YES;
				CODE_SIGN_STYLE = Automatic;
				DEVELOPMENT_TEAM = M5AQP3WXJE;
				INFOPLIST_FILE = LQWebViewSwiftUITests/Info.plist;
				LD_RUNPATH_SEARCH_PATHS = (
					"$(inherited)",
					"@executable_path/Frameworks",
					"@loader_path/Frameworks",
				);
				PRODUCT_BUNDLE_IDENTIFIER = Q.ice.LQWebViewSwiftUITests;
				PRODUCT_NAME = "$(TARGET_NAME)";
				SWIFT_VERSION = 5.0;
				TARGETED_DEVICE_FAMILY = "1,2";
				TEST_TARGET_NAME = LQWebViewSwift;
			};
			name = Release;
		};
/* End XCBuildConfiguration section */

/* Begin XCConfigurationList section */
		3D66C69324B043FC00192191 /* Build configuration list for PBXProject "LQWebViewSwift" */ = {
			isa = XCConfigurationList;
			buildConfigurations = (
				3D66C6C024B0440100192191 /* Debug */,
				3D66C6C124B0440100192191 /* Release */,
			);
			defaultConfigurationIsVisible = 0;
			defaultConfigurationName = Release;
		};
		3D66C6C224B0440100192191 /* Build configuration list for PBXNativeTarget "LQWebViewSwift" */ = {
			isa = XCConfigurationList;
			buildConfigurations = (
				3D66C6C324B0440100192191 /* Debug */,
				3D66C6C424B0440100192191 /* Release */,
			);
			defaultConfigurationIsVisible = 0;
			defaultConfigurationName = Release;
		};
		3D66C6C524B0440100192191 /* Build configuration list for PBXNativeTarget "LQWebViewSwiftTests" */ = {
			isa = XCConfigurationList;
			buildConfigurations = (
				3D66C6C624B0440100192191 /* Debug */,
				3D66C6C724B0440100192191 /* Release */,
			);
			defaultConfigurationIsVisible = 0;
			defaultConfigurationName = Release;
		};
		3D66C6C824B0440100192191 /* Build configuration list for PBXNativeTarget "LQWebViewSwiftUITests" */ = {
			isa = XCConfigurationList;
			buildConfigurations = (
				3D66C6C924B0440100192191 /* Debug */,
				3D66C6CA24B0440100192191 /* Release */,
			);
			defaultConfigurationIsVisible = 0;
			defaultConfigurationName = Release;
		};
/* End XCConfigurationList section */
	};
	rootObject = 3D66C69024B043FC00192191 /* Project object */;
}
